
Microsoft Visual Studio Solution File, Format Version 12.00
# Visual Studio Version 16
VisualStudioVersion = 16.0.29709.97
MinimumVisualStudioVersion = 10.0.40219.1
Project("{8BC9CEB8-8B4A-11D0-8D11-00A0C91BC942}") = "zimbabwe", "zimbabwe\zimbabwe.vcxproj", "{DD2E0223-B0AD-4EE8-9ACC-DBFE9A927987}"
EndProject
Global
	GlobalSection(SolutionConfigurationPlatforms) = preSolution
		Debug|x64 = Debug|x64
		Debug|x86 = Debug|x86
		Release|x64 = Release|x64
		Release|x86 = Release|x86
	EndGlobalSection
	GlobalSection(ProjectConfigurationPlatforms) = postSolution
		{DD2E0223-B0AD-4EE8-9ACC-DBFE9A927987}.Debug|x64.ActiveCfg = Debug|x64
		{DD2E0223-B0AD-4EE8-9ACC-DBFE9A927987}.Debug|x64.Build.0 = Debug|x64
		{DD2E0223-B0AD-4EE8-9ACC-DBFE9A927987}.Debug|x86.ActiveCfg = Debug|Win32
		{DD2E0223-B0AD-4EE8-9ACC-DBFE9A927987}.Debug|x86.Build.0 = Debug|Win32
		{DD2E0223-B0AD-4EE8-9ACC-DBFE9A927987}.Release|x64.ActiveCfg = Release|x64
		{DD2E0223-B0AD-4EE8-9ACC-DBFE9A927987}.Release|x64.Build.0 = Release|x64
		{DD2E0223-B0AD-4EE8-9ACC-DBFE9A927987}.Release|x86.ActiveCfg = Release|Win32
		{DD2E0223-B0AD-4EE8-9ACC-DBFE9A927987}.Release|x86.Build.0 = Release|Win32
	EndGlobalSection
	GlobalSection(SolutionProperties) = preSolution
		HideSolutionNode = FALSE
	EndGlobalSection
	GlobalSection(ExtensibilityGlobals) = postSolution
		SolutionGuid = {A3DB671E-D428-4CD7-86EA-9AA244099FF2}
	EndGlobalSection
EndGlobal
